{
  "version": 4,
  "terraform_version": "1.3.2",
  "serial": 14,
  "lineage": "dc06a6c3-3766-0b47-11c1-dff8b052d0b1",
  "outputs": {},
  "resources": [
    {
      "mode": "managed",
      "type": "hcloud_server",
      "name": "validator",
      "provider": "provider[\"registry.terraform.io/hetznercloud/hcloud\"]",
      "instances": [
        {
          "index_key": 0,
          "schema_version": 0,
          "attributes": {
            "allow_deprecated_images": false,
            "backup_window": "",
            "backups": false,
            "datacenter": "nbg1-dc3",
            "delete_protection": false,
            "firewall_ids": [],
            "id": "25041452",
            "ignore_remote_firewall_ids": false,
            "image": "ubuntu-20.04",
            "ipv4_address": "116.203.95.120",
            "ipv6_address": "2a01:4f8:c2c:9aef::1",
            "ipv6_network": "2a01:4f8:c2c:9aef::/64",
            "iso": null,
            "keep_disk": false,
            "labels": {
              "type": "localnet-1"
            },
            "location": "nbg1",
            "name": "validator-0",
            "network": [],
            "placement_group_id": null,
            "public_net": [],
            "rebuild_protection": false,
            "rescue": null,
            "server_type": "cpx31",
            "ssh_keys": [
              "8558191"
            ],
            "status": "running",
            "timeouts": null,
            "user_data": "r/Sm6gk3gZEnXbpltsyi+M/LuVA="
          },
          "sensitive_attributes": [],
          "private": "eyJlMmJmYjczMC1lY2FhLTExZTYtOGY4OC0zNDM2M2JjN2M0YzAiOnsiY3JlYXRlIjo1NDAwMDAwMDAwMDAwfX0=",
          "dependencies": [
            "hcloud_ssh_key.default"
          ]
        },
        {
          "index_key": 1,
          "schema_version": 0,
          "attributes": {
            "allow_deprecated_images": false,
            "backup_window": "",
            "backups": false,
            "datacenter": "nbg1-dc3",
            "delete_protection": false,
            "firewall_ids": [],
            "id": "25041451",
            "ignore_remote_firewall_ids": false,
            "image": "ubuntu-20.04",
            "ipv4_address": "116.203.193.128",
            "ipv6_address": "2a01:4f8:c0c:cbcb::1",
            "ipv6_network": "2a01:4f8:c0c:cbcb::/64",
            "iso": null,
            "keep_disk": false,
            "labels": {
              "type": "localnet-1"
            },
            "location": "nbg1",
            "name": "validator-1",
            "network": [],
            "placement_group_id": null,
            "public_net": [],
            "rebuild_protection": false,
            "rescue": null,
            "server_type": "cpx31",
            "ssh_keys": [
              "8558191"
            ],
            "status": "running",
            "timeouts": null,
            "user_data": "r/Sm6gk3gZEnXbpltsyi+M/LuVA="
          },
          "sensitive_attributes": [],
          "private": "eyJlMmJmYjczMC1lY2FhLTExZTYtOGY4OC0zNDM2M2JjN2M0YzAiOnsiY3JlYXRlIjo1NDAwMDAwMDAwMDAwfX0=",
          "dependencies": [
            "hcloud_ssh_key.default"
          ]
        }
      ]
    },
    {
      "mode": "managed",
      "type": "hcloud_ssh_key",
      "name": "default",
      "provider": "provider[\"registry.terraform.io/hetznercloud/hcloud\"]",
      "instances": [
        {
          "schema_version": 0,
          "attributes": {
            "fingerprint": "d3:af:75:dc:7d:37:c1:bc:88:06:b9:5d:ad:d7:ed:7b",
            "id": "8558191",
            "labels": {},
            "name": "hetzner_key",
            "public_key": "ssh-ed25519 AAAAC3NzaC1lZDI1NTE5AAAAICBLGS7R35vVLSiH7HhQAKahzCBnA61dP9A24Fji/sm5 eugene@archpad\n"
          },
          "sensitive_attributes": [],
          "private": "bnVsbA=="
        }
      ]
    }
  ],
  "check_results": []
}
